
Microsoft Visual Studio Solution File, Format Version 12.00
# Visual Studio Version 17
VisualStudioVersion = 17.0.31717.71
MinimumVisualStudioVersion = 10.0.40219.1
Project("{9A19103F-16F7-4668-BE54-9A1E7A4F7556}") = "HelloWorld", "HelloWorld\HelloWorld.csproj", "{8E7F0087-8562-438D-BEFA-569ABB7E6D24}"
EndProject
Project("{9A19103F-16F7-4668-BE54-9A1E7A4F7556}") = "Wow", "Wow\Wow.csproj", "{7C999383-D602-469F-BE02-11F787DC69E0}"
EndProject
Project("{9A19103F-16F7-4668-BE54-9A1E7A4F7556}") = "Demo", "Demo\Demo.csproj", "{BB74F80C-4281-47A8-A967-27FDA75437A2}"
EndProject
Project("{9A19103F-16F7-4668-BE54-9A1E7A4F7556}") = "Demo.Form1", "Demo.Form1\Demo.Form1.csproj", "{7858658A-55B7-4526-86A4-43FCA4DBF131}"
EndProject
Project("{9A19103F-16F7-4668-BE54-9A1E7A4F7556}") = "MouseClick", "MouseClick\MouseClick.csproj", "{282B719E-CE00-4F45-99FD-668FBBB2DAC4}"
EndProject
Project("{9A19103F-16F7-4668-BE54-9A1E7A4F7556}") = "If_Else", "If_Else\If_Else.csproj", "{9BD8457C-997A-4BD2-BF1D-74092DD7424A}"
EndProject
Project("{9A19103F-16F7-4668-BE54-9A1E7A4F7556}") = "While_For迴圈", "While_For迴圈\While_For迴圈.csproj", "{F0C82BE9-F569-42E0-98EE-C093D55521AB}"
EndProject
Project("{9A19103F-16F7-4668-BE54-9A1E7A4F7556}") = "Stars", "Stars\Stars.csproj", "{9EF3FD89-B8BF-45A0-B45E-85A3BC06CE76}"
EndProject
Project("{9A19103F-16F7-4668-BE54-9A1E7A4F7556}") = "Class(基礎物件導向)", "Class(基礎物件導向)\Class(基礎物件導向).csproj", "{E3353E16-99D2-49B1-B57A-D9B3E551EA0F}"
EndProject
Project("{9A19103F-16F7-4668-BE54-9A1E7A4F7556}") = "BorrowAndRepay", "BorrowAndRepay\BorrowAndRepay.csproj", "{A77AF674-CEFD-4F3D-9F88-B9CC54F91A7F}"
EndProject
Project("{FAE04EC0-301F-11D3-BF4B-00C04F79EFBC}") = "Gomoku-Demo", "Gomoku-Demo\Gomoku-Demo.csproj", "{F18C1093-EEFD-4ABA-B40B-6F414BB76427}"
EndProject
Global
	GlobalSection(SolutionConfigurationPlatforms) = preSolution
		Debug|Any CPU = Debug|Any CPU
		Release|Any CPU = Release|Any CPU
	EndGlobalSection
	GlobalSection(ProjectConfigurationPlatforms) = postSolution
		{8E7F0087-8562-438D-BEFA-569ABB7E6D24}.Debug|Any CPU.ActiveCfg = Debug|Any CPU
		{8E7F0087-8562-438D-BEFA-569ABB7E6D24}.Debug|Any CPU.Build.0 = Debug|Any CPU
		{8E7F0087-8562-438D-BEFA-569ABB7E6D24}.Release|Any CPU.ActiveCfg = Release|Any CPU
		{8E7F0087-8562-438D-BEFA-569ABB7E6D24}.Release|Any CPU.Build.0 = Release|Any CPU
		{7C999383-D602-469F-BE02-11F787DC69E0}.Debug|Any CPU.ActiveCfg = Debug|Any CPU
		{7C999383-D602-469F-BE02-11F787DC69E0}.Debug|Any CPU.Build.0 = Debug|Any CPU
		{7C999383-D602-469F-BE02-11F787DC69E0}.Release|Any CPU.ActiveCfg = Release|Any CPU
		{7C999383-D602-469F-BE02-11F787DC69E0}.Release|Any CPU.Build.0 = Release|Any CPU
		{BB74F80C-4281-47A8-A967-27FDA75437A2}.Debug|Any CPU.ActiveCfg = Debug|Any CPU
		{BB74F80C-4281-47A8-A967-27FDA75437A2}.Debug|Any CPU.Build.0 = Debug|Any CPU
		{BB74F80C-4281-47A8-A967-27FDA75437A2}.Release|Any CPU.ActiveCfg = Release|Any CPU
		{BB74F80C-4281-47A8-A967-27FDA75437A2}.Release|Any CPU.Build.0 = Release|Any CPU
		{7858658A-55B7-4526-86A4-43FCA4DBF131}.Debug|Any CPU.ActiveCfg = Debug|Any CPU
		{7858658A-55B7-4526-86A4-43FCA4DBF131}.Debug|Any CPU.Build.0 = Debug|Any CPU
		{7858658A-55B7-4526-86A4-43FCA4DBF131}.Release|Any CPU.ActiveCfg = Release|Any CPU
		{7858658A-55B7-4526-86A4-43FCA4DBF131}.Release|Any CPU.Build.0 = Release|Any CPU
		{282B719E-CE00-4F45-99FD-668FBBB2DAC4}.Debug|Any CPU.ActiveCfg = Debug|Any CPU
		{282B719E-CE00-4F45-99FD-668FBBB2DAC4}.Debug|Any CPU.Build.0 = Debug|Any CPU
		{282B719E-CE00-4F45-99FD-668FBBB2DAC4}.Release|Any CPU.ActiveCfg = Release|Any CPU
		{282B719E-CE00-4F45-99FD-668FBBB2DAC4}.Release|Any CPU.Build.0 = Release|Any CPU
		{9BD8457C-997A-4BD2-BF1D-74092DD7424A}.Debug|Any CPU.ActiveCfg = Debug|Any CPU
		{9BD8457C-997A-4BD2-BF1D-74092DD7424A}.Debug|Any CPU.Build.0 = Debug|Any CPU
		{9BD8457C-997A-4BD2-BF1D-74092DD7424A}.Release|Any CPU.ActiveCfg = Release|Any CPU
		{9BD8457C-997A-4BD2-BF1D-74092DD7424A}.Release|Any CPU.Build.0 = Release|Any CPU
		{F0C82BE9-F569-42E0-98EE-C093D55521AB}.Debug|Any CPU.ActiveCfg = Debug|Any CPU
		{F0C82BE9-F569-42E0-98EE-C093D55521AB}.Debug|Any CPU.Build.0 = Debug|Any CPU
		{F0C82BE9-F569-42E0-98EE-C093D55521AB}.Release|Any CPU.ActiveCfg = Release|Any CPU
		{F0C82BE9-F569-42E0-98EE-C093D55521AB}.Release|Any CPU.Build.0 = Release|Any CPU
		{9EF3FD89-B8BF-45A0-B45E-85A3BC06CE76}.Debug|Any CPU.ActiveCfg = Debug|Any CPU
		{9EF3FD89-B8BF-45A0-B45E-85A3BC06CE76}.Debug|Any CPU.Build.0 = Debug|Any CPU
		{9EF3FD89-B8BF-45A0-B45E-85A3BC06CE76}.Release|Any CPU.ActiveCfg = Release|Any CPU
		{9EF3FD89-B8BF-45A0-B45E-85A3BC06CE76}.Release|Any CPU.Build.0 = Release|Any CPU
		{E3353E16-99D2-49B1-B57A-D9B3E551EA0F}.Debug|Any CPU.ActiveCfg = Debug|Any CPU
		{E3353E16-99D2-49B1-B57A-D9B3E551EA0F}.Debug|Any CPU.Build.0 = Debug|Any CPU
		{E3353E16-99D2-49B1-B57A-D9B3E551EA0F}.Release|Any CPU.ActiveCfg = Release|Any CPU
		{E3353E16-99D2-49B1-B57A-D9B3E551EA0F}.Release|Any CPU.Build.0 = Release|Any CPU
		{A77AF674-CEFD-4F3D-9F88-B9CC54F91A7F}.Debug|Any CPU.ActiveCfg = Debug|Any CPU
		{A77AF674-CEFD-4F3D-9F88-B9CC54F91A7F}.Debug|Any CPU.Build.0 = Debug|Any CPU
		{A77AF674-CEFD-4F3D-9F88-B9CC54F91A7F}.Release|Any CPU.ActiveCfg = Release|Any CPU
		{A77AF674-CEFD-4F3D-9F88-B9CC54F91A7F}.Release|Any CPU.Build.0 = Release|Any CPU
		{F18C1093-EEFD-4ABA-B40B-6F414BB76427}.Debug|Any CPU.ActiveCfg = Debug|Any CPU
		{F18C1093-EEFD-4ABA-B40B-6F414BB76427}.Debug|Any CPU.Build.0 = Debug|Any CPU
		{F18C1093-EEFD-4ABA-B40B-6F414BB76427}.Release|Any CPU.ActiveCfg = Release|Any CPU
		{F18C1093-EEFD-4ABA-B40B-6F414BB76427}.Release|Any CPU.Build.0 = Release|Any CPU
	EndGlobalSection
	GlobalSection(SolutionProperties) = preSolution
		HideSolutionNode = FALSE
	EndGlobalSection
	GlobalSection(ExtensibilityGlobals) = postSolution
		SolutionGuid = {E0304636-388D-43F0-9C15-C67EA494C175}
	EndGlobalSection
EndGlobal
