
Microsoft Visual Studio Solution File, Format Version 12.00
# Visual Studio Version 17
VisualStudioVersion = 17.0.31717.71
MinimumVisualStudioVersion = 10.0.40219.1
Project("{9A19103F-16F7-4668-BE54-9A1E7A4F7556}") = "HelloWorld", "HelloWorld\HelloWorld.csproj", "{8E7F0087-8562-438D-BEFA-569ABB7E6D24}"
EndProject
Project("{9A19103F-16F7-4668-BE54-9A1E7A4F7556}") = "Wow", "Wow\Wow.csproj", "{7C999383-D602-469F-BE02-11F787DC69E0}"
EndProject
Project("{FAE04EC0-301F-11D3-BF4B-00C04F79EFBC}") = "Demo", "Demo\Demo.csproj", "{BB74F80C-4281-47A8-A967-27FDA75437A2}"
EndProject
Global
	GlobalSection(SolutionConfigurationPlatforms) = preSolution
		Debug|Any CPU = Debug|Any CPU
		Release|Any CPU = Release|Any CPU
	EndGlobalSection
	GlobalSection(ProjectConfigurationPlatforms) = postSolution
		{8E7F0087-8562-438D-BEFA-569ABB7E6D24}.Debug|Any CPU.ActiveCfg = Debug|Any CPU
		{8E7F0087-8562-438D-BEFA-569ABB7E6D24}.Debug|Any CPU.Build.0 = Debug|Any CPU
		{8E7F0087-8562-438D-BEFA-569ABB7E6D24}.Release|Any CPU.ActiveCfg = Release|Any CPU
		{8E7F0087-8562-438D-BEFA-569ABB7E6D24}.Release|Any CPU.Build.0 = Release|Any CPU
		{7C999383-D602-469F-BE02-11F787DC69E0}.Debug|Any CPU.ActiveCfg = Debug|Any CPU
		{7C999383-D602-469F-BE02-11F787DC69E0}.Debug|Any CPU.Build.0 = Debug|Any CPU
		{7C999383-D602-469F-BE02-11F787DC69E0}.Release|Any CPU.ActiveCfg = Release|Any CPU
		{7C999383-D602-469F-BE02-11F787DC69E0}.Release|Any CPU.Build.0 = Release|Any CPU
		{BB74F80C-4281-47A8-A967-27FDA75437A2}.Debug|Any CPU.ActiveCfg = Debug|Any CPU
		{BB74F80C-4281-47A8-A967-27FDA75437A2}.Debug|Any CPU.Build.0 = Debug|Any CPU
		{BB74F80C-4281-47A8-A967-27FDA75437A2}.Release|Any CPU.ActiveCfg = Release|Any CPU
		{BB74F80C-4281-47A8-A967-27FDA75437A2}.Release|Any CPU.Build.0 = Release|Any CPU
	EndGlobalSection
	GlobalSection(SolutionProperties) = preSolution
		HideSolutionNode = FALSE
	EndGlobalSection
	GlobalSection(ExtensibilityGlobals) = postSolution
		SolutionGuid = {E0304636-388D-43F0-9C15-C67EA494C175}
	EndGlobalSection
EndGlobal
